
Microsoft Visual Studio Solution File, Format Version 12.00
# Visual Studio Version 18
VisualStudioVersion = 18.6.11709.129 insiders
MinimumVisualStudioVersion = 10.0.40219.1
Project("{FAE04EC0-301F-11D3-BF4B-00C04F79EFBC}") = "FoodSafetyDashboard", "FoodSafetyDashboard.csproj", "{B470D1BC-537D-FA6A-B6CA-FBA635D406F7}"
EndProject
Global
	GlobalSection(SolutionConfigurationPlatforms) = preSolution
		Debug|Any CPU = Debug|Any CPU
		Release|Any CPU = Release|Any CPU
	EndGlobalSection
	GlobalSection(ProjectConfigurationPlatforms) = postSolution
		{B470D1BC-537D-FA6A-B6CA-FBA635D406F7}.Debug|Any CPU.ActiveCfg = Debug|Any CPU
		{B470D1BC-537D-FA6A-B6CA-FBA635D406F7}.Debug|Any CPU.Build.0 = Debug|Any CPU
		{B470D1BC-537D-FA6A-B6CA-FBA635D406F7}.Release|Any CPU.ActiveCfg = Release|Any CPU
		{B470D1BC-537D-FA6A-B6CA-FBA635D406F7}.Release|Any CPU.Build.0 = Release|Any CPU
	EndGlobalSection
	GlobalSection(SolutionProperties) = preSolution
		HideSolutionNode = FALSE
	EndGlobalSection
	GlobalSection(ExtensibilityGlobals) = postSolution
		SolutionGuid = {D5C362FD-7DC3-4D20-BC7F-E41A572CE451}
	EndGlobalSection
EndGlobal
